
Microsoft Visual Studio Solution File, Format Version 12.00
# Visual Studio Version 16
VisualStudioVersion = 16.0.30104.148
MinimumVisualStudioVersion = 10.0.40219.1
Project("{FAE04EC0-301F-11D3-BF4B-00C04F79EFBC}") = "AuslogicsTest", "AuslogicsTest.csproj", "{E77F0AB8-9F57-43C1-9CF0-45FFBB05D0BF}"
EndProject
Global
	GlobalSection(SolutionConfigurationPlatforms) = preSolution
		Debug|Any CPU = Debug|Any CPU
		Debug|x64 = Debug|x64
		Debug|x86 = Debug|x86
		Release|Any CPU = Release|Any CPU
		Release|x64 = Release|x64
		Release|x86 = Release|x86
	EndGlobalSection
	GlobalSection(ProjectConfigurationPlatforms) = postSolution
		{E77F0AB8-9F57-43C1-9CF0-45FFBB05D0BF}.Debug|Any CPU.ActiveCfg = Debug|Any CPU
		{E77F0AB8-9F57-43C1-9CF0-45FFBB05D0BF}.Debug|Any CPU.Build.0 = Debug|Any CPU
		{E77F0AB8-9F57-43C1-9CF0-45FFBB05D0BF}.Debug|x64.ActiveCfg = Debug|Any CPU
		{E77F0AB8-9F57-43C1-9CF0-45FFBB05D0BF}.Debug|x64.Build.0 = Debug|Any CPU
		{E77F0AB8-9F57-43C1-9CF0-45FFBB05D0BF}.Debug|x86.ActiveCfg = Debug|Any CPU
		{E77F0AB8-9F57-43C1-9CF0-45FFBB05D0BF}.Debug|x86.Build.0 = Debug|Any CPU
		{E77F0AB8-9F57-43C1-9CF0-45FFBB05D0BF}.Release|Any CPU.ActiveCfg = Release|Any CPU
		{E77F0AB8-9F57-43C1-9CF0-45FFBB05D0BF}.Release|Any CPU.Build.0 = Release|Any CPU
		{E77F0AB8-9F57-43C1-9CF0-45FFBB05D0BF}.Release|x64.ActiveCfg = Release|Any CPU
		{E77F0AB8-9F57-43C1-9CF0-45FFBB05D0BF}.Release|x64.Build.0 = Release|Any CPU
		{E77F0AB8-9F57-43C1-9CF0-45FFBB05D0BF}.Release|x86.ActiveCfg = Release|Any CPU
		{E77F0AB8-9F57-43C1-9CF0-45FFBB05D0BF}.Release|x86.Build.0 = Release|Any CPU
	EndGlobalSection
	GlobalSection(SolutionProperties) = preSolution
		HideSolutionNode = FALSE
	EndGlobalSection
	GlobalSection(ExtensibilityGlobals) = postSolution
		SolutionGuid = {E3910148-0786-4467-B7EB-E3FD8C59FA8A}
	EndGlobalSection
EndGlobal
